
Microsoft Visual Studio Solution File, Format Version 12.00
# Visual Studio Version 17
VisualStudioVersion = 17.13.35919.96
MinimumVisualStudioVersion = 10.0.40219.1
Project("{FAE04EC0-301F-11D3-BF4B-00C04F79EFBC}") = "LAB01_1", "LAB01_1\LAB01_1.csproj", "{A343CABE-4A42-423B-801E-6A261BA67448}"
EndProject
Project("{FAE04EC0-301F-11D3-BF4B-00C04F79EFBC}") = "Bai01", "Bai01\Bai01.csproj", "{B3C8FC4F-742A-4394-B551-F051B871017D}"
EndProject
Project("{FAE04EC0-301F-11D3-BF4B-00C04F79EFBC}") = "Bai02", "Bai02\Bai02.csproj", "{BF55EF71-FC6F-4AF6-AFD8-47ABCFCC2E2B}"
EndProject
Project("{FAE04EC0-301F-11D3-BF4B-00C04F79EFBC}") = "Bai03", "Bai03\Bai03.csproj", "{CAE8300E-6887-4EA8-A9E0-0FEF259DB73E}"
EndProject
Project("{FAE04EC0-301F-11D3-BF4B-00C04F79EFBC}") = "Bai04", "Bai04\Bai04.csproj", "{FDB03BAD-95AB-4F62-A210-8F5C6CDC2726}"
EndProject
Project("{FAE04EC0-301F-11D3-BF4B-00C04F79EFBC}") = "Bai05", "Bai05\Bai05.csproj", "{7937B108-0A08-4997-995D-4A5469A452C1}"
EndProject
Project("{FAE04EC0-301F-11D3-BF4B-00C04F79EFBC}") = "Bai06", "Bai06\Bai06.csproj", "{61BA9DBD-A91A-410D-A8D0-34024A3E6968}"
EndProject
Project("{FAE04EC0-301F-11D3-BF4B-00C04F79EFBC}") = "Bai07", "Bai07\Bai07.csproj", "{EDE788BB-E103-43CB-A7A5-4BAB027BDC0E}"
EndProject
Project("{FAE04EC0-301F-11D3-BF4B-00C04F79EFBC}") = "Bai08", "Bai08\Bai08.csproj", "{0AAE0BCA-BF4A-48F2-B45B-B45DA98AC879}"
EndProject
Project("{FAE04EC0-301F-11D3-BF4B-00C04F79EFBC}") = "Bai09", "Bai09\Bai09.csproj", "{61A6A7E8-0514-4B7F-B68B-992286866CEE}"
EndProject
Project("{FAE04EC0-301F-11D3-BF4B-00C04F79EFBC}") = "Bai10", "Bai10\Bai10.csproj", "{F1149F70-3635-44A7-AE23-ADCF73222B27}"
EndProject
Global
	GlobalSection(SolutionConfigurationPlatforms) = preSolution
		Debug|Any CPU = Debug|Any CPU
		Release|Any CPU = Release|Any CPU
	EndGlobalSection
	GlobalSection(ProjectConfigurationPlatforms) = postSolution
		{A343CABE-4A42-423B-801E-6A261BA67448}.Debug|Any CPU.ActiveCfg = Debug|Any CPU
		{A343CABE-4A42-423B-801E-6A261BA67448}.Debug|Any CPU.Build.0 = Debug|Any CPU
		{A343CABE-4A42-423B-801E-6A261BA67448}.Release|Any CPU.ActiveCfg = Release|Any CPU
		{A343CABE-4A42-423B-801E-6A261BA67448}.Release|Any CPU.Build.0 = Release|Any CPU
		{B3C8FC4F-742A-4394-B551-F051B871017D}.Debug|Any CPU.ActiveCfg = Debug|Any CPU
		{B3C8FC4F-742A-4394-B551-F051B871017D}.Debug|Any CPU.Build.0 = Debug|Any CPU
		{B3C8FC4F-742A-4394-B551-F051B871017D}.Release|Any CPU.ActiveCfg = Release|Any CPU
		{B3C8FC4F-742A-4394-B551-F051B871017D}.Release|Any CPU.Build.0 = Release|Any CPU
		{BF55EF71-FC6F-4AF6-AFD8-47ABCFCC2E2B}.Debug|Any CPU.ActiveCfg = Debug|Any CPU
		{BF55EF71-FC6F-4AF6-AFD8-47ABCFCC2E2B}.Debug|Any CPU.Build.0 = Debug|Any CPU
		{BF55EF71-FC6F-4AF6-AFD8-47ABCFCC2E2B}.Release|Any CPU.ActiveCfg = Release|Any CPU
		{BF55EF71-FC6F-4AF6-AFD8-47ABCFCC2E2B}.Release|Any CPU.Build.0 = Release|Any CPU
		{CAE8300E-6887-4EA8-A9E0-0FEF259DB73E}.Debug|Any CPU.ActiveCfg = Debug|Any CPU
		{CAE8300E-6887-4EA8-A9E0-0FEF259DB73E}.Debug|Any CPU.Build.0 = Debug|Any CPU
		{CAE8300E-6887-4EA8-A9E0-0FEF259DB73E}.Release|Any CPU.ActiveCfg = Release|Any CPU
		{CAE8300E-6887-4EA8-A9E0-0FEF259DB73E}.Release|Any CPU.Build.0 = Release|Any CPU
		{FDB03BAD-95AB-4F62-A210-8F5C6CDC2726}.Debug|Any CPU.ActiveCfg = Debug|Any CPU
		{FDB03BAD-95AB-4F62-A210-8F5C6CDC2726}.Debug|Any CPU.Build.0 = Debug|Any CPU
		{FDB03BAD-95AB-4F62-A210-8F5C6CDC2726}.Release|Any CPU.ActiveCfg = Release|Any CPU
		{FDB03BAD-95AB-4F62-A210-8F5C6CDC2726}.Release|Any CPU.Build.0 = Release|Any CPU
		{7937B108-0A08-4997-995D-4A5469A452C1}.Debug|Any CPU.ActiveCfg = Debug|Any CPU
		{7937B108-0A08-4997-995D-4A5469A452C1}.Debug|Any CPU.Build.0 = Debug|Any CPU
		{7937B108-0A08-4997-995D-4A5469A452C1}.Release|Any CPU.ActiveCfg = Release|Any CPU
		{7937B108-0A08-4997-995D-4A5469A452C1}.Release|Any CPU.Build.0 = Release|Any CPU
		{61BA9DBD-A91A-410D-A8D0-34024A3E6968}.Debug|Any CPU.ActiveCfg = Debug|Any CPU
		{61BA9DBD-A91A-410D-A8D0-34024A3E6968}.Debug|Any CPU.Build.0 = Debug|Any CPU
		{61BA9DBD-A91A-410D-A8D0-34024A3E6968}.Release|Any CPU.ActiveCfg = Release|Any CPU
		{61BA9DBD-A91A-410D-A8D0-34024A3E6968}.Release|Any CPU.Build.0 = Release|Any CPU
		{EDE788BB-E103-43CB-A7A5-4BAB027BDC0E}.Debug|Any CPU.ActiveCfg = Debug|Any CPU
		{EDE788BB-E103-43CB-A7A5-4BAB027BDC0E}.Debug|Any CPU.Build.0 = Debug|Any CPU
		{EDE788BB-E103-43CB-A7A5-4BAB027BDC0E}.Release|Any CPU.ActiveCfg = Release|Any CPU
		{EDE788BB-E103-43CB-A7A5-4BAB027BDC0E}.Release|Any CPU.Build.0 = Release|Any CPU
		{0AAE0BCA-BF4A-48F2-B45B-B45DA98AC879}.Debug|Any CPU.ActiveCfg = Debug|Any CPU
		{0AAE0BCA-BF4A-48F2-B45B-B45DA98AC879}.Debug|Any CPU.Build.0 = Debug|Any CPU
		{0AAE0BCA-BF4A-48F2-B45B-B45DA98AC879}.Release|Any CPU.ActiveCfg = Release|Any CPU
		{0AAE0BCA-BF4A-48F2-B45B-B45DA98AC879}.Release|Any CPU.Build.0 = Release|Any CPU
		{61A6A7E8-0514-4B7F-B68B-992286866CEE}.Debug|Any CPU.ActiveCfg = Debug|Any CPU
		{61A6A7E8-0514-4B7F-B68B-992286866CEE}.Debug|Any CPU.Build.0 = Debug|Any CPU
		{61A6A7E8-0514-4B7F-B68B-992286866CEE}.Release|Any CPU.ActiveCfg = Release|Any CPU
		{61A6A7E8-0514-4B7F-B68B-992286866CEE}.Release|Any CPU.Build.0 = Release|Any CPU
		{F1149F70-3635-44A7-AE23-ADCF73222B27}.Debug|Any CPU.ActiveCfg = Debug|Any CPU
		{F1149F70-3635-44A7-AE23-ADCF73222B27}.Debug|Any CPU.Build.0 = Debug|Any CPU
		{F1149F70-3635-44A7-AE23-ADCF73222B27}.Release|Any CPU.ActiveCfg = Release|Any CPU
		{F1149F70-3635-44A7-AE23-ADCF73222B27}.Release|Any CPU.Build.0 = Release|Any CPU
	EndGlobalSection
	GlobalSection(SolutionProperties) = preSolution
		HideSolutionNode = FALSE
	EndGlobalSection
	GlobalSection(ExtensibilityGlobals) = postSolution
		SolutionGuid = {ECEA8646-DDF5-456E-86A2-2F650749900B}
	EndGlobalSection
EndGlobal
