
Microsoft Visual Studio Solution File, Format Version 12.00
# Visual Studio Version 17
VisualStudioVersion = 17.13.35919.96 d17.13
MinimumVisualStudioVersion = 10.0.40219.1
Project("{FAE04EC0-301F-11D3-BF4B-00C04F79EFBC}") = "LAB03", "LAB03\LAB03.csproj", "{1A3BD7B6-415F-497A-A58D-5BEC06DF2B8B}"
EndProject
Global
	GlobalSection(SolutionConfigurationPlatforms) = preSolution
		Debug|Any CPU = Debug|Any CPU
		Release|Any CPU = Release|Any CPU
	EndGlobalSection
	GlobalSection(ProjectConfigurationPlatforms) = postSolution
		{1A3BD7B6-415F-497A-A58D-5BEC06DF2B8B}.Debug|Any CPU.ActiveCfg = Debug|Any CPU
		{1A3BD7B6-415F-497A-A58D-5BEC06DF2B8B}.Debug|Any CPU.Build.0 = Debug|Any CPU
		{1A3BD7B6-415F-497A-A58D-5BEC06DF2B8B}.Release|Any CPU.ActiveCfg = Release|Any CPU
		{1A3BD7B6-415F-497A-A58D-5BEC06DF2B8B}.Release|Any CPU.Build.0 = Release|Any CPU
	EndGlobalSection
	GlobalSection(SolutionProperties) = preSolution
		HideSolutionNode = FALSE
	EndGlobalSection
	GlobalSection(ExtensibilityGlobals) = postSolution
		SolutionGuid = {67F068C3-06A6-47F0-9F82-1DB86D6AEE1F}
	EndGlobalSection
EndGlobal
