
Microsoft Visual Studio Solution File, Format Version 12.00
# Visual Studio Version 17
VisualStudioVersion = 17.13.35919.96
MinimumVisualStudioVersion = 10.0.40219.1
Project("{FAE04EC0-301F-11D3-BF4B-00C04F79EFBC}") = "LAB01_3", "LAB01_3\LAB01_3.csproj", "{FA8ADA7F-D5A8-41CD-8D89-45F8B0039096}"
EndProject
Project("{FAE04EC0-301F-11D3-BF4B-00C04F79EFBC}") = "Bai01", "Bai01\Bai01.csproj", "{3B5FAEA9-9E4E-400E-88CB-F691F7323621}"
EndProject
Project("{FAE04EC0-301F-11D3-BF4B-00C04F79EFBC}") = "Bai02", "Bai02\Bai02.csproj", "{805018A1-4541-4095-8B39-1E28193D1A8B}"
EndProject
Project("{FAE04EC0-301F-11D3-BF4B-00C04F79EFBC}") = "Bai03", "Bai03\Bai03.csproj", "{673AF673-B44C-45E0-9819-2A59E75519CB}"
EndProject
Project("{FAE04EC0-301F-11D3-BF4B-00C04F79EFBC}") = "Bai04", "Bai04\Bai04.csproj", "{78EF06D1-76BA-4DF2-AD4F-E55B3A51A8DB}"
EndProject
Project("{FAE04EC0-301F-11D3-BF4B-00C04F79EFBC}") = "Bai05", "Bai05\Bai05.csproj", "{5FCC118D-5AEB-49CF-8413-48943C14B71A}"
EndProject
Project("{FAE04EC0-301F-11D3-BF4B-00C04F79EFBC}") = "Bai06", "Bai06\Bai06.csproj", "{88DBF914-A29D-499B-8EFA-98B64D9D2BB8}"
EndProject
Project("{FAE04EC0-301F-11D3-BF4B-00C04F79EFBC}") = "Bai07", "Bai07\Bai07.csproj", "{BA0CC5C6-FFE8-4C43-929F-510EEAFE4F42}"
EndProject
Project("{FAE04EC0-301F-11D3-BF4B-00C04F79EFBC}") = "Bai08", "Bai08\Bai08.csproj", "{D9BEA3AE-1A07-45A9-9723-14600717387B}"
EndProject
Project("{FAE04EC0-301F-11D3-BF4B-00C04F79EFBC}") = "Bai09", "Bai09\Bai09.csproj", "{58E685E1-291A-455D-B012-299724BC6164}"
EndProject
Project("{FAE04EC0-301F-11D3-BF4B-00C04F79EFBC}") = "Bai10", "Bai10\Bai10.csproj", "{25262ED7-BE14-4585-A7D3-24B04AB4DB3C}"
EndProject
Global
	GlobalSection(SolutionConfigurationPlatforms) = preSolution
		Debug|Any CPU = Debug|Any CPU
		Release|Any CPU = Release|Any CPU
	EndGlobalSection
	GlobalSection(ProjectConfigurationPlatforms) = postSolution
		{FA8ADA7F-D5A8-41CD-8D89-45F8B0039096}.Debug|Any CPU.ActiveCfg = Debug|Any CPU
		{FA8ADA7F-D5A8-41CD-8D89-45F8B0039096}.Debug|Any CPU.Build.0 = Debug|Any CPU
		{FA8ADA7F-D5A8-41CD-8D89-45F8B0039096}.Release|Any CPU.ActiveCfg = Release|Any CPU
		{FA8ADA7F-D5A8-41CD-8D89-45F8B0039096}.Release|Any CPU.Build.0 = Release|Any CPU
		{3B5FAEA9-9E4E-400E-88CB-F691F7323621}.Debug|Any CPU.ActiveCfg = Debug|Any CPU
		{3B5FAEA9-9E4E-400E-88CB-F691F7323621}.Debug|Any CPU.Build.0 = Debug|Any CPU
		{3B5FAEA9-9E4E-400E-88CB-F691F7323621}.Release|Any CPU.ActiveCfg = Release|Any CPU
		{3B5FAEA9-9E4E-400E-88CB-F691F7323621}.Release|Any CPU.Build.0 = Release|Any CPU
		{805018A1-4541-4095-8B39-1E28193D1A8B}.Debug|Any CPU.ActiveCfg = Debug|Any CPU
		{805018A1-4541-4095-8B39-1E28193D1A8B}.Debug|Any CPU.Build.0 = Debug|Any CPU
		{805018A1-4541-4095-8B39-1E28193D1A8B}.Release|Any CPU.ActiveCfg = Release|Any CPU
		{805018A1-4541-4095-8B39-1E28193D1A8B}.Release|Any CPU.Build.0 = Release|Any CPU
		{673AF673-B44C-45E0-9819-2A59E75519CB}.Debug|Any CPU.ActiveCfg = Debug|Any CPU
		{673AF673-B44C-45E0-9819-2A59E75519CB}.Debug|Any CPU.Build.0 = Debug|Any CPU
		{673AF673-B44C-45E0-9819-2A59E75519CB}.Release|Any CPU.ActiveCfg = Release|Any CPU
		{673AF673-B44C-45E0-9819-2A59E75519CB}.Release|Any CPU.Build.0 = Release|Any CPU
		{78EF06D1-76BA-4DF2-AD4F-E55B3A51A8DB}.Debug|Any CPU.ActiveCfg = Debug|Any CPU
		{78EF06D1-76BA-4DF2-AD4F-E55B3A51A8DB}.Debug|Any CPU.Build.0 = Debug|Any CPU
		{78EF06D1-76BA-4DF2-AD4F-E55B3A51A8DB}.Release|Any CPU.ActiveCfg = Release|Any CPU
		{78EF06D1-76BA-4DF2-AD4F-E55B3A51A8DB}.Release|Any CPU.Build.0 = Release|Any CPU
		{5FCC118D-5AEB-49CF-8413-48943C14B71A}.Debug|Any CPU.ActiveCfg = Debug|Any CPU
		{5FCC118D-5AEB-49CF-8413-48943C14B71A}.Debug|Any CPU.Build.0 = Debug|Any CPU
		{5FCC118D-5AEB-49CF-8413-48943C14B71A}.Release|Any CPU.ActiveCfg = Release|Any CPU
		{5FCC118D-5AEB-49CF-8413-48943C14B71A}.Release|Any CPU.Build.0 = Release|Any CPU
		{88DBF914-A29D-499B-8EFA-98B64D9D2BB8}.Debug|Any CPU.ActiveCfg = Debug|Any CPU
		{88DBF914-A29D-499B-8EFA-98B64D9D2BB8}.Debug|Any CPU.Build.0 = Debug|Any CPU
		{88DBF914-A29D-499B-8EFA-98B64D9D2BB8}.Release|Any CPU.ActiveCfg = Release|Any CPU
		{88DBF914-A29D-499B-8EFA-98B64D9D2BB8}.Release|Any CPU.Build.0 = Release|Any CPU
		{BA0CC5C6-FFE8-4C43-929F-510EEAFE4F42}.Debug|Any CPU.ActiveCfg = Debug|Any CPU
		{BA0CC5C6-FFE8-4C43-929F-510EEAFE4F42}.Debug|Any CPU.Build.0 = Debug|Any CPU
		{BA0CC5C6-FFE8-4C43-929F-510EEAFE4F42}.Release|Any CPU.ActiveCfg = Release|Any CPU
		{BA0CC5C6-FFE8-4C43-929F-510EEAFE4F42}.Release|Any CPU.Build.0 = Release|Any CPU
		{D9BEA3AE-1A07-45A9-9723-14600717387B}.Debug|Any CPU.ActiveCfg = Debug|Any CPU
		{D9BEA3AE-1A07-45A9-9723-14600717387B}.Debug|Any CPU.Build.0 = Debug|Any CPU
		{D9BEA3AE-1A07-45A9-9723-14600717387B}.Release|Any CPU.ActiveCfg = Release|Any CPU
		{D9BEA3AE-1A07-45A9-9723-14600717387B}.Release|Any CPU.Build.0 = Release|Any CPU
		{58E685E1-291A-455D-B012-299724BC6164}.Debug|Any CPU.ActiveCfg = Debug|Any CPU
		{58E685E1-291A-455D-B012-299724BC6164}.Debug|Any CPU.Build.0 = Debug|Any CPU
		{58E685E1-291A-455D-B012-299724BC6164}.Release|Any CPU.ActiveCfg = Release|Any CPU
		{58E685E1-291A-455D-B012-299724BC6164}.Release|Any CPU.Build.0 = Release|Any CPU
		{25262ED7-BE14-4585-A7D3-24B04AB4DB3C}.Debug|Any CPU.ActiveCfg = Debug|Any CPU
		{25262ED7-BE14-4585-A7D3-24B04AB4DB3C}.Debug|Any CPU.Build.0 = Debug|Any CPU
		{25262ED7-BE14-4585-A7D3-24B04AB4DB3C}.Release|Any CPU.ActiveCfg = Release|Any CPU
		{25262ED7-BE14-4585-A7D3-24B04AB4DB3C}.Release|Any CPU.Build.0 = Release|Any CPU
	EndGlobalSection
	GlobalSection(SolutionProperties) = preSolution
		HideSolutionNode = FALSE
	EndGlobalSection
	GlobalSection(ExtensibilityGlobals) = postSolution
		SolutionGuid = {5246CB54-5463-44B4-B4A8-BD8B10455348}
	EndGlobalSection
EndGlobal
